
Microsoft Visual Studio Solution File, Format Version 12.00
# Visual Studio 15
VisualStudioVersion = 15.0.27428.2005
MinimumVisualStudioVersion = 10.0.40219.1
Project("{FAE04EC0-301F-11D3-BF4B-00C04F79EFBC}") = "SistemaBancario", "SistemaBancario\SistemaBancario.csproj", "{ADD02A35-87CA-4741-BCFB-99704320BBF4}"
EndProject
Project("{FAE04EC0-301F-11D3-BF4B-00C04F79EFBC}") = "SistemaBancarioTests", "SistemaBancarioTests\SistemaBancarioTests.csproj", "{D8CCF49F-E9A8-4EC9-A1F4-DE7862D14333}"
EndProject
Global
	GlobalSection(SolutionConfigurationPlatforms) = preSolution
		Debug|Any CPU = Debug|Any CPU
		Release|Any CPU = Release|Any CPU
	EndGlobalSection
	GlobalSection(ProjectConfigurationPlatforms) = postSolution
		{ADD02A35-87CA-4741-BCFB-99704320BBF4}.Debug|Any CPU.ActiveCfg = Debug|Any CPU
		{ADD02A35-87CA-4741-BCFB-99704320BBF4}.Debug|Any CPU.Build.0 = Debug|Any CPU
		{ADD02A35-87CA-4741-BCFB-99704320BBF4}.Release|Any CPU.ActiveCfg = Release|Any CPU
		{ADD02A35-87CA-4741-BCFB-99704320BBF4}.Release|Any CPU.Build.0 = Release|Any CPU
		{D8CCF49F-E9A8-4EC9-A1F4-DE7862D14333}.Debug|Any CPU.ActiveCfg = Debug|Any CPU
		{D8CCF49F-E9A8-4EC9-A1F4-DE7862D14333}.Debug|Any CPU.Build.0 = Debug|Any CPU
		{D8CCF49F-E9A8-4EC9-A1F4-DE7862D14333}.Release|Any CPU.ActiveCfg = Release|Any CPU
		{D8CCF49F-E9A8-4EC9-A1F4-DE7862D14333}.Release|Any CPU.Build.0 = Release|Any CPU
	EndGlobalSection
	GlobalSection(SolutionProperties) = preSolution
		HideSolutionNode = FALSE
	EndGlobalSection
	GlobalSection(ExtensibilityGlobals) = postSolution
		SolutionGuid = {40CF423E-B9FB-465B-B406-C60C11EFC73E}
	EndGlobalSection
EndGlobal
